// !$*UTF8*$!
{
	archiveVersion = 1;
	classes = {
	};
	objectVersion = 50;
	objects = {

/* Begin PBXBuildFile section */
		DCB61CA0224B746D00FD1CA3 /* AppDelegate.swift in Sources */ = {isa = PBXBuildFile; fileRef = DCB61C9F224B746D00FD1CA3 /* AppDelegate.swift */; };
		DCB61CA2224B746D00FD1CA3 /* ViewController.swift in Sources */ = {isa = PBXBuildFile; fileRef = DCB61CA1224B746D00FD1CA3 /* ViewController.swift */; };
		DCB61CA5224B746D00FD1CA3 /* Main.storyboard in Resources */ = {isa = PBXBuildFile; fileRef = DCB61CA3224B746D00FD1CA3 /* Main.storyboard */; };
		DCB61CA7224B746E00FD1CA3 /* Assets.xcassets in Resources */ = {isa = PBXBuildFile; fileRef = DCB61CA6224B746E00FD1CA3 /* Assets.xcassets */; };
		DCB61CAA224B746E00FD1CA3 /* LaunchScreen.storyboard in Resources */ = {isa = PBXBuildFile; fileRef = DCB61CA8224B746E00FD1CA3 /* LaunchScreen.storyboard */; };
		DCB61CB5224B762700FD1CA3 /* tictac.mp3 in Resources */ = {isa = PBXBuildFile; fileRef = DCB61CB2224B762700FD1CA3 /* tictac.mp3 */; };
		DCB61CB6224B762700FD1CA3 /* non.mp3 in Resources */ = {isa = PBXBuildFile; fileRef = DCB61CB3224B762700FD1CA3 /* non.mp3 */; };
		DCB61CB7224B762700FD1CA3 /* oui.wav in Resources */ = {isa = PBXBuildFile; fileRef = DCB61CB4224B762700FD1CA3 /* oui.wav */; };
		DCB61CB9224B7B7500FD1CA3 /* MaVue.swift in Sources */ = {isa = PBXBuildFile; fileRef = DCB61CB8224B7B7500FD1CA3 /* MaVue.swift */; };
		DCB61CBB224BB09900FD1CA3 /* MonButton.swift in Sources */ = {isa = PBXBuildFile; fileRef = DCB61CBA224BB09900FD1CA3 /* MonButton.swift */; };
		DCB61CBD224BB11300FD1CA3 /* ExtensionView.swift in Sources */ = {isa = PBXBuildFile; fileRef = DCB61CBC224BB11300FD1CA3 /* ExtensionView.swift */; };
		DCB61CBF224BB84B00FD1CA3 /* Reponse.swift in Sources */ = {isa = PBXBuildFile; fileRef = DCB61CBE224BB84B00FD1CA3 /* Reponse.swift */; };
		DCB61CC1224BBA3000FD1CA3 /* logo.swift in Sources */ = {isa = PBXBuildFile; fileRef = DCB61CC0224BBA3000FD1CA3 /* logo.swift */; };
		DCB61CC3224BBD5D00FD1CA3 /* MonLabel.swift in Sources */ = {isa = PBXBuildFile; fileRef = DCB61CC2224BBD5D00FD1CA3 /* MonLabel.swift */; };
		DCB61CC5224CE3B900FD1CA3 /* Son.swift in Sources */ = {isa = PBXBuildFile; fileRef = DCB61CC4224CE3B900FD1CA3 /* Son.swift */; };
/* End PBXBuildFile section */

/* Begin PBXFileReference section */
		DCB61C9C224B746D00FD1CA3 /* Apple ou Pas.app */ = {isa = PBXFileReference; explicitFileType = wrapper.application; includeInIndex = 0; path = "Apple ou Pas.app"; sourceTree = BUILT_PRODUCTS_DIR; };
		DCB61C9F224B746D00FD1CA3 /* AppDelegate.swift */ = {isa = PBXFileReference; lastKnownFileType = sourcecode.swift; path = AppDelegate.swift; sourceTree = "<group>"; };
		DCB61CA1224B746D00FD1CA3 /* ViewController.swift */ = {isa = PBXFileReference; lastKnownFileType = sourcecode.swift; path = ViewController.swift; sourceTree = "<group>"; };
		DCB61CA4224B746D00FD1CA3 /* Base */ = {isa = PBXFileReference; lastKnownFileType = file.storyboard; name = Base; path = Base.lproj/Main.storyboard; sourceTree = "<group>"; };
		DCB61CA6224B746E00FD1CA3 /* Assets.xcassets */ = {isa = PBXFileReference; lastKnownFileType = folder.assetcatalog; path = Assets.xcassets; sourceTree = "<group>"; };
		DCB61CA9224B746E00FD1CA3 /* Base */ = {isa = PBXFileReference; lastKnownFileType = file.storyboard; name = Base; path = Base.lproj/LaunchScreen.storyboard; sourceTree = "<group>"; };
		DCB61CAB224B746E00FD1CA3 /* Info.plist */ = {isa = PBXFileReference; lastKnownFileType = text.plist.xml; path = Info.plist; sourceTree = "<group>"; };
		DCB61CB2224B762700FD1CA3 /* tictac.mp3 */ = {isa = PBXFileReference; lastKnownFileType = audio.mp3; path = tictac.mp3; sourceTree = "<group>"; };
		DCB61CB3224B762700FD1CA3 /* non.mp3 */ = {isa = PBXFileReference; lastKnownFileType = audio.mp3; path = non.mp3; sourceTree = "<group>"; };
		DCB61CB4224B762700FD1CA3 /* oui.wav */ = {isa = PBXFileReference; lastKnownFileType = audio.wav; path = oui.wav; sourceTree = "<group>"; };
		DCB61CB8224B7B7500FD1CA3 /* MaVue.swift */ = {isa = PBXFileReference; lastKnownFileType = sourcecode.swift; path = MaVue.swift; sourceTree = "<group>"; };
		DCB61CBA224BB09900FD1CA3 /* MonButton.swift */ = {isa = PBXFileReference; lastKnownFileType = sourcecode.swift; path = MonButton.swift; sourceTree = "<group>"; };
		DCB61CBC224BB11300FD1CA3 /* ExtensionView.swift */ = {isa = PBXFileReference; lastKnownFileType = sourcecode.swift; path = ExtensionView.swift; sourceTree = "<group>"; };
		DCB61CBE224BB84B00FD1CA3 /* Reponse.swift */ = {isa = PBXFileReference; lastKnownFileType = sourcecode.swift; path = Reponse.swift; sourceTree = "<group>"; };
		DCB61CC0224BBA3000FD1CA3 /* logo.swift */ = {isa = PBXFileReference; lastKnownFileType = sourcecode.swift; path = logo.swift; sourceTree = "<group>"; };
		DCB61CC2224BBD5D00FD1CA3 /* MonLabel.swift */ = {isa = PBXFileReference; lastKnownFileType = sourcecode.swift; path = MonLabel.swift; sourceTree = "<group>"; };
		DCB61CC4224CE3B900FD1CA3 /* Son.swift */ = {isa = PBXFileReference; lastKnownFileType = sourcecode.swift; path = Son.swift; sourceTree = "<group>"; };
/* End PBXFileReference section */

/* Begin PBXFrameworksBuildPhase section */
		DCB61C99224B746D00FD1CA3 /* Frameworks */ = {
			isa = PBXFrameworksBuildPhase;
			buildActionMask = 2147483647;
			files = (
			);
			runOnlyForDeploymentPostprocessing = 0;
		};
/* End PBXFrameworksBuildPhase section */

/* Begin PBXGroup section */
		DCB61C93224B746D00FD1CA3 = {
			isa = PBXGroup;
			children = (
				DCB61C9E224B746D00FD1CA3 /* Apple ou Pas */,
				DCB61C9D224B746D00FD1CA3 /* Products */,
			);
			sourceTree = "<group>";
		};
		DCB61C9D224B746D00FD1CA3 /* Products */ = {
			isa = PBXGroup;
			children = (
				DCB61C9C224B746D00FD1CA3 /* Apple ou Pas.app */,
			);
			name = Products;
			sourceTree = "<group>";
		};
		DCB61C9E224B746D00FD1CA3 /* Apple ou Pas */ = {
			isa = PBXGroup;
			children = (
				DCB61C9F224B746D00FD1CA3 /* AppDelegate.swift */,
				DCB61CC4224CE3B900FD1CA3 /* Son.swift */,
				DCB61CBE224BB84B00FD1CA3 /* Reponse.swift */,
				DCB61CC0224BBA3000FD1CA3 /* logo.swift */,
				DCB61CA1224B746D00FD1CA3 /* ViewController.swift */,
				DCB61CBC224BB11300FD1CA3 /* ExtensionView.swift */,
				DCB61CB8224B7B7500FD1CA3 /* MaVue.swift */,
				DCB61CBA224BB09900FD1CA3 /* MonButton.swift */,
				DCB61CC2224BBD5D00FD1CA3 /* MonLabel.swift */,
				DCB61CB1224B762700FD1CA3 /* sons */,
				DCB61CA3224B746D00FD1CA3 /* Main.storyboard */,
				DCB61CA6224B746E00FD1CA3 /* Assets.xcassets */,
				DCB61CA8224B746E00FD1CA3 /* LaunchScreen.storyboard */,
				DCB61CAB224B746E00FD1CA3 /* Info.plist */,
			);
			path = "Apple ou Pas";
			sourceTree = "<group>";
		};
		DCB61CB1224B762700FD1CA3 /* sons */ = {
			isa = PBXGroup;
			children = (
				DCB61CB2224B762700FD1CA3 /* tictac.mp3 */,
				DCB61CB3224B762700FD1CA3 /* non.mp3 */,
				DCB61CB4224B762700FD1CA3 /* oui.wav */,
			);
			path = sons;
			sourceTree = "<group>";
		};
/* End PBXGroup section */

/* Begin PBXNativeTarget section */
		DCB61C9B224B746D00FD1CA3 /* Apple ou Pas */ = {
			isa = PBXNativeTarget;
			buildConfigurationList = DCB61CAE224B746E00FD1CA3 /* Build configuration list for PBXNativeTarget "Apple ou Pas" */;
			buildPhases = (
				DCB61C98224B746D00FD1CA3 /* Sources */,
				DCB61C99224B746D00FD1CA3 /* Frameworks */,
				DCB61C9A224B746D00FD1CA3 /* Resources */,
			);
			buildRules = (
			);
			dependencies = (
			);
			name = "Apple ou Pas";
			productName = "Apple ou Pas";
			productReference = DCB61C9C224B746D00FD1CA3 /* Apple ou Pas.app */;
			productType = "com.apple.product-type.application";
		};
/* End PBXNativeTarget section */

/* Begin PBXProject section */
		DCB61C94224B746D00FD1CA3 /* Project object */ = {
			isa = PBXProject;
			attributes = {
				LastSwiftUpdateCheck = 1020;
				LastUpgradeCheck = 1020;
				ORGANIZATIONNAME = "Sascha Sallès";
				TargetAttributes = {
					DCB61C9B224B746D00FD1CA3 = {
						CreatedOnToolsVersion = 10.2;
					};
				};
			};
			buildConfigurationList = DCB61C97224B746D00FD1CA3 /* Build configuration list for PBXProject "Apple ou Pas" */;
			compatibilityVersion = "Xcode 9.3";
			developmentRegion = en;
			hasScannedForEncodings = 0;
			knownRegions = (
				en,
				Base,
			);
			mainGroup = DCB61C93224B746D00FD1CA3;
			productRefGroup = DCB61C9D224B746D00FD1CA3 /* Products */;
			projectDirPath = "";
			projectRoot = "";
			targets = (
				DCB61C9B224B746D00FD1CA3 /* Apple ou Pas */,
			);
		};
/* End PBXProject section */

/* Begin PBXResourcesBuildPhase section */
		DCB61C9A224B746D00FD1CA3 /* Resources */ = {
			isa = PBXResourcesBuildPhase;
			buildActionMask = 2147483647;
			files = (
				DCB61CB7224B762700FD1CA3 /* oui.wav in Resources */,
				DCB61CB5224B762700FD1CA3 /* tictac.mp3 in Resources */,
				DCB61CAA224B746E00FD1CA3 /* LaunchScreen.storyboard in Resources */,
				DCB61CA7224B746E00FD1CA3 /* Assets.xcassets in Resources */,
				DCB61CA5224B746D00FD1CA3 /* Main.storyboard in Resources */,
				DCB61CB6224B762700FD1CA3 /* non.mp3 in Resources */,
			);
			runOnlyForDeploymentPostprocessing = 0;
		};
/* End PBXResourcesBuildPhase section */

/* Begin PBXSourcesBuildPhase section */
		DCB61C98224B746D00FD1CA3 /* Sources */ = {
			isa = PBXSourcesBuildPhase;
			buildActionMask = 2147483647;
			files = (
				DCB61CBF224BB84B00FD1CA3 /* Reponse.swift in Sources */,
				DCB61CBB224BB09900FD1CA3 /* MonButton.swift in Sources */,
				DCB61CBD224BB11300FD1CA3 /* ExtensionView.swift in Sources */,
				DCB61CC3224BBD5D00FD1CA3 /* MonLabel.swift in Sources */,
				DCB61CA2224B746D00FD1CA3 /* ViewController.swift in Sources */,
				DCB61CC1224BBA3000FD1CA3 /* logo.swift in Sources */,
				DCB61CB9224B7B7500FD1CA3 /* MaVue.swift in Sources */,
				DCB61CA0224B746D00FD1CA3 /* AppDelegate.swift in Sources */,
				DCB61CC5224CE3B900FD1CA3 /* Son.swift in Sources */,
			);
			runOnlyForDeploymentPostprocessing = 0;
		};
/* End PBXSourcesBuildPhase section */

/* Begin PBXVariantGroup section */
		DCB61CA3224B746D00FD1CA3 /* Main.storyboard */ = {
			isa = PBXVariantGroup;
			children = (
				DCB61CA4224B746D00FD1CA3 /* Base */,
			);
			name = Main.storyboard;
			sourceTree = "<group>";
		};
		DCB61CA8224B746E00FD1CA3 /* LaunchScreen.storyboard */ = {
			isa = PBXVariantGroup;
			children = (
				DCB61CA9224B746E00FD1CA3 /* Base */,
			);
			name = LaunchScreen.storyboard;
			sourceTree = "<group>";
		};
/* End PBXVariantGroup section */

/* Begin XCBuildConfiguration section */
		DCB61CAC224B746E00FD1CA3 /* Debug */ = {
			isa = XCBuildConfiguration;
			buildSettings = {
				ALWAYS_SEARCH_USER_PATHS = NO;
				CLANG_ANALYZER_NONNULL = YES;
				CLANG_ANALYZER_NUMBER_OBJECT_CONVERSION = YES_AGGRESSIVE;
				CLANG_CXX_LANGUAGE_STANDARD = "gnu++14";
				CLANG_CXX_LIBRARY = "libc++";
				CLANG_ENABLE_MODULES = YES;
				CLANG_ENABLE_OBJC_ARC = YES;
				CLANG_ENABLE_OBJC_WEAK = YES;
				CLANG_WARN_BLOCK_CAPTURE_AUTORELEASING = YES;
				CLANG_WARN_BOOL_CONVERSION = YES;
				CLANG_WARN_COMMA = YES;
				CLANG_WARN_CONSTANT_CONVERSION = YES;
				CLANG_WARN_DEPRECATED_OBJC_IMPLEMENTATIONS = YES;
				CLANG_WARN_DIRECT_OBJC_ISA_USAGE = YES_ERROR;
				CLANG_WARN_DOCUMENTATION_COMMENTS = YES;
				CLANG_WARN_EMPTY_BODY = YES;
				CLANG_WARN_ENUM_CONVERSION = YES;
				CLANG_WARN_INFINITE_RECURSION = YES;
				CLANG_WARN_INT_CONVERSION = YES;
				CLANG_WARN_NON_LITERAL_NULL_CONVERSION = YES;
				CLANG_WARN_OBJC_IMPLICIT_RETAIN_SELF = YES;
				CLANG_WARN_OBJC_LITERAL_CONVERSION = YES;
				CLANG_WARN_OBJC_ROOT_CLASS = YES_ERROR;
				CLANG_WARN_RANGE_LOOP_ANALYSIS = YES;
				CLANG_WARN_STRICT_PROTOTYPES = YES;
				CLANG_WARN_SUSPICIOUS_MOVE = YES;
				CLANG_WARN_UNGUARDED_AVAILABILITY = YES_AGGRESSIVE;
				CLANG_WARN_UNREACHABLE_CODE = YES;
				CLANG_WARN__DUPLICATE_METHOD_MATCH = YES;
				CODE_SIGN_IDENTITY = "iPhone Developer";
				COPY_PHASE_STRIP = NO;
				DEBUG_INFORMATION_FORMAT = dwarf;
				ENABLE_STRICT_OBJC_MSGSEND = YES;
				ENABLE_TESTABILITY = YES;
				GCC_C_LANGUAGE_STANDARD = gnu11;
				GCC_DYNAMIC_NO_PIC = NO;
				GCC_NO_COMMON_BLOCKS = YES;
				GCC_OPTIMIZATION_LEVEL = 0;
				GCC_PREPROCESSOR_DEFINITIONS = (
					"DEBUG=1",
					"$(inherited)",
				);
				GCC_WARN_64_TO_32_BIT_CONVERSION = YES;
				GCC_WARN_ABOUT_RETURN_TYPE = YES_ERROR;
				GCC_WARN_UNDECLARED_SELECTOR = YES;
				GCC_WARN_UNINITIALIZED_AUTOS = YES_AGGRESSIVE;
				GCC_WARN_UNUSED_FUNCTION = YES;
				GCC_WARN_UNUSED_VARIABLE = YES;
				IPHONEOS_DEPLOYMENT_TARGET = 12.2;
				MTL_ENABLE_DEBUG_INFO = INCLUDE_SOURCE;
				MTL_FAST_MATH = YES;
				ONLY_ACTIVE_ARCH = YES;
				SDKROOT = iphoneos;
				SWIFT_ACTIVE_COMPILATION_CONDITIONS = DEBUG;
				SWIFT_OPTIMIZATION_LEVEL = "-Onone";
			};
			name = Debug;
		};
		DCB61CAD224B746E00FD1CA3 /* Release */ = {
			isa = XCBuildConfiguration;
			buildSettings = {
				ALWAYS_SEARCH_USER_PATHS = NO;
				CLANG_ANALYZER_NONNULL = YES;
				CLANG_ANALYZER_NUMBER_OBJECT_CONVERSION = YES_AGGRESSIVE;
				CLANG_CXX_LANGUAGE_STANDARD = "gnu++14";
				CLANG_CXX_LIBRARY = "libc++";
				CLANG_ENABLE_MODULES = YES;
				CLANG_ENABLE_OBJC_ARC = YES;
				CLANG_ENABLE_OBJC_WEAK = YES;
				CLANG_WARN_BLOCK_CAPTURE_AUTORELEASING = YES;
				CLANG_WARN_BOOL_CONVERSION = YES;
				CLANG_WARN_COMMA = YES;
				CLANG_WARN_CONSTANT_CONVERSION = YES;
				CLANG_WARN_DEPRECATED_OBJC_IMPLEMENTATIONS = YES;
				CLANG_WARN_DIRECT_OBJC_ISA_USAGE = YES_ERROR;
				CLANG_WARN_DOCUMENTATION_COMMENTS = YES;
				CLANG_WARN_EMPTY_BODY = YES;
				CLANG_WARN_ENUM_CONVERSION = YES;
				CLANG_WARN_INFINITE_RECURSION = YES;
				CLANG_WARN_INT_CONVERSION = YES;
				CLANG_WARN_NON_LITERAL_NULL_CONVERSION = YES;
				CLANG_WARN_OBJC_IMPLICIT_RETAIN_SELF = YES;
				CLANG_WARN_OBJC_LITERAL_CONVERSION = YES;
				CLANG_WARN_OBJC_ROOT_CLASS = YES_ERROR;
				CLANG_WARN_RANGE_LOOP_ANALYSIS = YES;
				CLANG_WARN_STRICT_PROTOTYPES = YES;
				CLANG_WARN_SUSPICIOUS_MOVE = YES;
				CLANG_WARN_UNGUARDED_AVAILABILITY = YES_AGGRESSIVE;
				CLANG_WARN_UNREACHABLE_CODE = YES;
				CLANG_WARN__DUPLICATE_METHOD_MATCH = YES;
				CODE_SIGN_IDENTITY = "iPhone Developer";
				COPY_PHASE_STRIP = NO;
				DEBUG_INFORMATION_FORMAT = "dwarf-with-dsym";
				ENABLE_NS_ASSERTIONS = NO;
				ENABLE_STRICT_OBJC_MSGSEND = YES;
				GCC_C_LANGUAGE_STANDARD = gnu11;
				GCC_NO_COMMON_BLOCKS = YES;
				GCC_WARN_64_TO_32_BIT_CONVERSION = YES;
				GCC_WARN_ABOUT_RETURN_TYPE = YES_ERROR;
				GCC_WARN_UNDECLARED_SELECTOR = YES;
				GCC_WARN_UNINITIALIZED_AUTOS = YES_AGGRESSIVE;
				GCC_WARN_UNUSED_FUNCTION = YES;
				GCC_WARN_UNUSED_VARIABLE = YES;
				IPHONEOS_DEPLOYMENT_TARGET = 12.2;
				MTL_ENABLE_DEBUG_INFO = NO;
				MTL_FAST_MATH = YES;
				SDKROOT = iphoneos;
				SWIFT_COMPILATION_MODE = wholemodule;
				SWIFT_OPTIMIZATION_LEVEL = "-O";
				VALIDATE_PRODUCT = YES;
			};
			name = Release;
		};
		DCB61CAF224B746E00FD1CA3 /* Debug */ = {
			isa = XCBuildConfiguration;
			buildSettings = {
				ASSETCATALOG_COMPILER_APPICON_NAME = AppIcon;
				CODE_SIGN_STYLE = Automatic;
				DEVELOPMENT_TEAM = 85Y7A7HSKG;
				INFOPLIST_FILE = "Apple ou Pas/Info.plist";
				LD_RUNPATH_SEARCH_PATHS = (
					"$(inherited)",
					"@executable_path/Frameworks",
				);
				PRODUCT_BUNDLE_IDENTIFIER = "sascha.Apple-ou-Pas";
				PRODUCT_NAME = "$(TARGET_NAME)";
				SWIFT_VERSION = 5.0;
				TARGETED_DEVICE_FAMILY = "1,2";
			};
			name = Debug;
		};
		DCB61CB0224B746E00FD1CA3 /* Release */ = {
			isa = XCBuildConfiguration;
			buildSettings = {
				ASSETCATALOG_COMPILER_APPICON_NAME = AppIcon;
				CODE_SIGN_STYLE = Automatic;
				DEVELOPMENT_TEAM = 85Y7A7HSKG;
				INFOPLIST_FILE = "Apple ou Pas/Info.plist";
				LD_RUNPATH_SEARCH_PATHS = (
					"$(inherited)",
					"@executable_path/Frameworks",
				);
				PRODUCT_BUNDLE_IDENTIFIER = "sascha.Apple-ou-Pas";
				PRODUCT_NAME = "$(TARGET_NAME)";
				SWIFT_VERSION = 5.0;
				TARGETED_DEVICE_FAMILY = "1,2";
			};
			name = Release;
		};
/* End XCBuildConfiguration section */

/* Begin XCConfigurationList section */
		DCB61C97224B746D00FD1CA3 /* Build configuration list for PBXProject "Apple ou Pas" */ = {
			isa = XCConfigurationList;
			buildConfigurations = (
				DCB61CAC224B746E00FD1CA3 /* Debug */,
				DCB61CAD224B746E00FD1CA3 /* Release */,
			);
			defaultConfigurationIsVisible = 0;
			defaultConfigurationName = Release;
		};
		DCB61CAE224B746E00FD1CA3 /* Build configuration list for PBXNativeTarget "Apple ou Pas" */ = {
			isa = XCConfigurationList;
			buildConfigurations = (
				DCB61CAF224B746E00FD1CA3 /* Debug */,
				DCB61CB0224B746E00FD1CA3 /* Release */,
			);
			defaultConfigurationIsVisible = 0;
			defaultConfigurationName = Release;
		};
/* End XCConfigurationList section */
	};
	rootObject = DCB61C94224B746D00FD1CA3 /* Project object */;
}
